// !$*UTF8*$!
{
	archiveVersion = 1;
	classes = {
	};
	objectVersion = 56;
	objects = {

/* Begin PBXBuildFile section */
		751AD7E22D365BFE008713BA /* SignleImageViewController.swift in Sources */ = {isa = PBXBuildFile; fileRef = 751AD7E12D365BFE008713BA /* SignleImageViewController.swift */; };
		751E781D2D64B07000B07B86 /* ProgressHUD in Frameworks */ = {isa = PBXBuildFile; productRef = 751E781C2D64B07000B07B86 /* ProgressHUD */; };
		75BBE0CE2D80359700D311B9 /* Photos.swift in Sources */ = {isa = PBXBuildFile; fileRef = 75BBE0CD2D80358200D311B9 /* Photos.swift */; };
		75BBE0D02D80365200D311B9 /* PhotoResult.swift in Sources */ = {isa = PBXBuildFile; fileRef = 75BBE0CF2D80364300D311B9 /* PhotoResult.swift */; };
		75BBE0D22D80402C00D311B9 /* ImagesListService.swift in Sources */ = {isa = PBXBuildFile; fileRef = 75BBE0D12D80402B00D311B9 /* ImagesListService.swift */; };
		75C7CC692D4301A400B397EB /* Constants.swift in Sources */ = {isa = PBXBuildFile; fileRef = 75C7CC682D4301A400B397EB /* Constants.swift */; };
		75C7CC6E2D4D005E00B397EB /* WebViewViewController.swift in Sources */ = {isa = PBXBuildFile; fileRef = 75C7CC6D2D4D005E00B397EB /* WebViewViewController.swift */; };
		75C7CC702D4D0BEB00B397EB /* AuthViewController.swift in Sources */ = {isa = PBXBuildFile; fileRef = 75C7CC6F2D4D0BEB00B397EB /* AuthViewController.swift */; };
		75C7CC7A2D5778E600B397EB /* OAuthTokenResponseBody.swift in Sources */ = {isa = PBXBuildFile; fileRef = 75C7CC792D5778E600B397EB /* OAuthTokenResponseBody.swift */; };
		75C7CC7C2D5779CB00B397EB /* OAuth2TokenStorage.swift in Sources */ = {isa = PBXBuildFile; fileRef = 75C7CC7B2D5779CB00B397EB /* OAuth2TokenStorage.swift */; };
		75C7CC7E2D5786CB00B397EB /* OAuth2Service.swift in Sources */ = {isa = PBXBuildFile; fileRef = 75C7CC7D2D5786CB00B397EB /* OAuth2Service.swift */; };
		75C7CC822D5A97AE00B397EB /* URLsession+Data.swift in Sources */ = {isa = PBXBuildFile; fileRef = 75C7CC812D5A97AE00B397EB /* URLsession+Data.swift */; };
		75C7CC842D5B916A00B397EB /* SplashViewController.swift in Sources */ = {isa = PBXBuildFile; fileRef = 75C7CC832D5B916A00B397EB /* SplashViewController.swift */; };
		75D0078E2D1584B100E84EB9 /* AppDelegate.swift in Sources */ = {isa = PBXBuildFile; fileRef = 75D0078D2D1584B100E84EB9 /* AppDelegate.swift */; };
		75D007902D1584B100E84EB9 /* SceneDelegate.swift in Sources */ = {isa = PBXBuildFile; fileRef = 75D0078F2D1584B100E84EB9 /* SceneDelegate.swift */; };
		75D007922D1584B100E84EB9 /* ImageListViewController.swift in Sources */ = {isa = PBXBuildFile; fileRef = 75D007912D1584B100E84EB9 /* ImageListViewController.swift */; };
		75D007952D1584B200E84EB9 /* Main.storyboard in Resources */ = {isa = PBXBuildFile; fileRef = 75D007932D1584B200E84EB9 /* Main.storyboard */; };
		75D0079A2D1584B200E84EB9 /* LaunchScreen.storyboard in Resources */ = {isa = PBXBuildFile; fileRef = 75D007982D1584B200E84EB9 /* LaunchScreen.storyboard */; };
		75D007C22D19EFBD00E84EB9 /* ImagesListCell.swift in Sources */ = {isa = PBXBuildFile; fileRef = 75D007C12D19EFBD00E84EB9 /* ImagesListCell.swift */; };
		75D007C52D1F3AFB00E84EB9 /* Assets.xcassets in Resources */ = {isa = PBXBuildFile; fileRef = 75D007C42D1F3AFB00E84EB9 /* Assets.xcassets */; };
		75D007C72D2321B500E84EB9 /* ProfileViewController.swift in Sources */ = {isa = PBXBuildFile; fileRef = 75D007C62D2321B500E84EB9 /* ProfileViewController.swift */; };
		75DDCB192D6C7C0700AFCDBF /* UIBlockingProgressHUD.swift in Sources */ = {isa = PBXBuildFile; fileRef = 75DDCB182D6C7BFD00AFCDBF /* UIBlockingProgressHUD.swift */; };
		75DDCB662D6CC3A700AFCDBF /* ProfileService.swift in Sources */ = {isa = PBXBuildFile; fileRef = 75DDCB652D6CC3A000AFCDBF /* ProfileService.swift */; };
		75DDCB682D6CC56800AFCDBF /* ProfileResult.swift in Sources */ = {isa = PBXBuildFile; fileRef = 75DDCB672D6CC55A00AFCDBF /* ProfileResult.swift */; };
		75DDCB6A2D6CC5C900AFCDBF /* ProfileModel.swift in Sources */ = {isa = PBXBuildFile; fileRef = 75DDCB692D6CC5BD00AFCDBF /* ProfileModel.swift */; };
		75DDCB6D2D72EEBB00AFCDBF /* ProfileImageService.swift in Sources */ = {isa = PBXBuildFile; fileRef = 75DDCB6C2D72EEB000AFCDBF /* ProfileImageService.swift */; };
		75DDCB6F2D72EF6F00AFCDBF /* ProfileImageResult.swift in Sources */ = {isa = PBXBuildFile; fileRef = 75DDCB6E2D72EF6200AFCDBF /* ProfileImageResult.swift */; };
		75DDCB722D79BB7900AFCDBF /* Kingfisher in Frameworks */ = {isa = PBXBuildFile; productRef = 75DDCB712D79BB7900AFCDBF /* Kingfisher */; };
		75DDCB752D79E11C00AFCDBF /* SwiftKeychainWrapper in Frameworks */ = {isa = PBXBuildFile; productRef = 75DDCB742D79E11C00AFCDBF /* SwiftKeychainWrapper */; };
		75DDCB772D7C34E100AFCDBF /* TabBarController.swift in Sources */ = {isa = PBXBuildFile; fileRef = 75DDCB762D7C34CC00AFCDBF /* TabBarController.swift */; };
/* End PBXBuildFile section */

/* Begin PBXFileReference section */
		751AD7E12D365BFE008713BA /* SignleImageViewController.swift */ = {isa = PBXFileReference; lastKnownFileType = sourcecode.swift; path = SignleImageViewController.swift; sourceTree = "<group>"; };
		75BBE0CD2D80358200D311B9 /* Photos.swift */ = {isa = PBXFileReference; lastKnownFileType = sourcecode.swift; path = Photos.swift; sourceTree = "<group>"; };
		75BBE0CF2D80364300D311B9 /* PhotoResult.swift */ = {isa = PBXFileReference; lastKnownFileType = sourcecode.swift; path = PhotoResult.swift; sourceTree = "<group>"; };
		75BBE0D12D80402B00D311B9 /* ImagesListService.swift */ = {isa = PBXFileReference; lastKnownFileType = sourcecode.swift; path = ImagesListService.swift; sourceTree = "<group>"; };
		75C7CC682D4301A400B397EB /* Constants.swift */ = {isa = PBXFileReference; lastKnownFileType = sourcecode.swift; path = Constants.swift; sourceTree = "<group>"; };
		75C7CC6D2D4D005E00B397EB /* WebViewViewController.swift */ = {isa = PBXFileReference; lastKnownFileType = sourcecode.swift; path = WebViewViewController.swift; sourceTree = "<group>"; };
		75C7CC6F2D4D0BEB00B397EB /* AuthViewController.swift */ = {isa = PBXFileReference; lastKnownFileType = sourcecode.swift; path = AuthViewController.swift; sourceTree = "<group>"; };
		75C7CC792D5778E600B397EB /* OAuthTokenResponseBody.swift */ = {isa = PBXFileReference; lastKnownFileType = sourcecode.swift; path = OAuthTokenResponseBody.swift; sourceTree = "<group>"; };
		75C7CC7B2D5779CB00B397EB /* OAuth2TokenStorage.swift */ = {isa = PBXFileReference; lastKnownFileType = sourcecode.swift; path = OAuth2TokenStorage.swift; sourceTree = "<group>"; };
		75C7CC7D2D5786CB00B397EB /* OAuth2Service.swift */ = {isa = PBXFileReference; lastKnownFileType = sourcecode.swift; path = OAuth2Service.swift; sourceTree = "<group>"; };
		75C7CC812D5A97AE00B397EB /* URLsession+Data.swift */ = {isa = PBXFileReference; lastKnownFileType = sourcecode.swift; path = "URLsession+Data.swift"; sourceTree = "<group>"; };
		75C7CC832D5B916A00B397EB /* SplashViewController.swift */ = {isa = PBXFileReference; lastKnownFileType = sourcecode.swift; path = SplashViewController.swift; sourceTree = "<group>"; };
		75D0078A2D1584B100E84EB9 /* ImageFeed.app */ = {isa = PBXFileReference; explicitFileType = wrapper.application; includeInIndex = 0; path = ImageFeed.app; sourceTree = BUILT_PRODUCTS_DIR; };
		75D0078D2D1584B100E84EB9 /* AppDelegate.swift */ = {isa = PBXFileReference; lastKnownFileType = sourcecode.swift; path = AppDelegate.swift; sourceTree = "<group>"; };
		75D0078F2D1584B100E84EB9 /* SceneDelegate.swift */ = {isa = PBXFileReference; lastKnownFileType = sourcecode.swift; path = SceneDelegate.swift; sourceTree = "<group>"; };
		75D007912D1584B100E84EB9 /* ImageListViewController.swift */ = {isa = PBXFileReference; lastKnownFileType = sourcecode.swift; path = ImageListViewController.swift; sourceTree = "<group>"; };
		75D007942D1584B200E84EB9 /* Base */ = {isa = PBXFileReference; lastKnownFileType = file.storyboard; name = Base; path = Base.lproj/Main.storyboard; sourceTree = "<group>"; };
		75D007992D1584B200E84EB9 /* Base */ = {isa = PBXFileReference; lastKnownFileType = file.storyboard; name = Base; path = Base.lproj/LaunchScreen.storyboard; sourceTree = "<group>"; };
		75D0079B2D1584B200E84EB9 /* Info.plist */ = {isa = PBXFileReference; lastKnownFileType = text.plist.xml; path = Info.plist; sourceTree = "<group>"; };
		75D007C12D19EFBD00E84EB9 /* ImagesListCell.swift */ = {isa = PBXFileReference; lastKnownFileType = sourcecode.swift; path = ImagesListCell.swift; sourceTree = "<group>"; };
		75D007C42D1F3AFB00E84EB9 /* Assets.xcassets */ = {isa = PBXFileReference; lastKnownFileType = folder.assetcatalog; name = Assets.xcassets; path = ImageFeed/Assets.xcassets; sourceTree = SOURCE_ROOT; };
		75D007C62D2321B500E84EB9 /* ProfileViewController.swift */ = {isa = PBXFileReference; lastKnownFileType = sourcecode.swift; path = ProfileViewController.swift; sourceTree = "<group>"; };
		75DDCB182D6C7BFD00AFCDBF /* UIBlockingProgressHUD.swift */ = {isa = PBXFileReference; lastKnownFileType = sourcecode.swift; path = UIBlockingProgressHUD.swift; sourceTree = "<group>"; };
		75DDCB652D6CC3A000AFCDBF /* ProfileService.swift */ = {isa = PBXFileReference; lastKnownFileType = sourcecode.swift; path = ProfileService.swift; sourceTree = "<group>"; };
		75DDCB672D6CC55A00AFCDBF /* ProfileResult.swift */ = {isa = PBXFileReference; lastKnownFileType = sourcecode.swift; path = ProfileResult.swift; sourceTree = "<group>"; };
		75DDCB692D6CC5BD00AFCDBF /* ProfileModel.swift */ = {isa = PBXFileReference; lastKnownFileType = sourcecode.swift; path = ProfileModel.swift; sourceTree = "<group>"; };
		75DDCB6C2D72EEB000AFCDBF /* ProfileImageService.swift */ = {isa = PBXFileReference; lastKnownFileType = sourcecode.swift; path = ProfileImageService.swift; sourceTree = "<group>"; };
		75DDCB6E2D72EF6200AFCDBF /* ProfileImageResult.swift */ = {isa = PBXFileReference; lastKnownFileType = sourcecode.swift; path = ProfileImageResult.swift; sourceTree = "<group>"; };
		75DDCB762D7C34CC00AFCDBF /* TabBarController.swift */ = {isa = PBXFileReference; lastKnownFileType = sourcecode.swift; path = TabBarController.swift; sourceTree = "<group>"; };
/* End PBXFileReference section */

/* Begin PBXFrameworksBuildPhase section */
		75D007872D1584B100E84EB9 /* Frameworks */ = {
			isa = PBXFrameworksBuildPhase;
			buildActionMask = 2147483647;
			files = (
				75DDCB722D79BB7900AFCDBF /* Kingfisher in Frameworks */,
				751E781D2D64B07000B07B86 /* ProgressHUD in Frameworks */,
				75DDCB752D79E11C00AFCDBF /* SwiftKeychainWrapper in Frameworks */,
			);
			runOnlyForDeploymentPostprocessing = 0;
		};
/* End PBXFrameworksBuildPhase section */

/* Begin PBXGroup section */
		75BBE0CC2D80357300D311B9 /* ImagesListService */ = {
			isa = PBXGroup;
			children = (
				75BBE0D12D80402B00D311B9 /* ImagesListService.swift */,
				75BBE0CF2D80364300D311B9 /* PhotoResult.swift */,
				75BBE0CD2D80358200D311B9 /* Photos.swift */,
			);
			path = ImagesListService;
			sourceTree = "<group>";
		};
		75C7CC6C2D4D004900B397EB /* Auth */ = {
			isa = PBXGroup;
			children = (
				75DDCB182D6C7BFD00AFCDBF /* UIBlockingProgressHUD.swift */,
				75C7CC6D2D4D005E00B397EB /* WebViewViewController.swift */,
				75C7CC6F2D4D0BEB00B397EB /* AuthViewController.swift */,
			);
			path = Auth;
			sourceTree = "<group>";
		};
		75C7CC712D55EF4D00B397EB /* ProfileViewController */ = {
			isa = PBXGroup;
			children = (
				75D007C62D2321B500E84EB9 /* ProfileViewController.swift */,
			);
			path = ProfileViewController;
			sourceTree = "<group>";
		};
		75C7CC762D563BA900B397EB /* OAuth2Service */ = {
			isa = PBXGroup;
			children = (
				75C7CC792D5778E600B397EB /* OAuthTokenResponseBody.swift */,
				75C7CC7B2D5779CB00B397EB /* OAuth2TokenStorage.swift */,
				75C7CC7D2D5786CB00B397EB /* OAuth2Service.swift */,
			);
			path = OAuth2Service;
			sourceTree = "<group>";
		};
		75C7CC872D5D0F7300B397EB /* Helpers */ = {
			isa = PBXGroup;
			children = (
				75C7CC682D4301A400B397EB /* Constants.swift */,
				75C7CC812D5A97AE00B397EB /* URLsession+Data.swift */,
			);
			path = Helpers;
			sourceTree = "<group>";
		};
		75C7CC882D5D0F8800B397EB /* SplashViewController */ = {
			isa = PBXGroup;
			children = (
				75C7CC832D5B916A00B397EB /* SplashViewController.swift */,
			);
			path = SplashViewController;
			sourceTree = "<group>";
		};
		75C7CC892D5D0FB500B397EB /* SingleImageViewController */ = {
			isa = PBXGroup;
			children = (
				751AD7E12D365BFE008713BA /* SignleImageViewController.swift */,
			);
			path = SingleImageViewController;
			sourceTree = "<group>";
		};
		75D007812D1584B100E84EB9 = {
			isa = PBXGroup;
			children = (
				75D0078C2D1584B100E84EB9 /* ImageFeed */,
				75D0078B2D1584B100E84EB9 /* Products */,
			);
			sourceTree = "<group>";
		};
		75D0078B2D1584B100E84EB9 /* Products */ = {
			isa = PBXGroup;
			children = (
				75D0078A2D1584B100E84EB9 /* ImageFeed.app */,
			);
			name = Products;
			sourceTree = "<group>";
		};
		75D0078C2D1584B100E84EB9 /* ImageFeed */ = {
			isa = PBXGroup;
			children = (
				75BBE0CC2D80357300D311B9 /* ImagesListService */,
				75DDCB762D7C34CC00AFCDBF /* TabBarController.swift */,
				75DDCB6B2D72EE9A00AFCDBF /* ProfileImageService */,
				75DDCB642D6CC38000AFCDBF /* ProfileService */,
				75C7CC892D5D0FB500B397EB /* SingleImageViewController */,
				75C7CC882D5D0F8800B397EB /* SplashViewController */,
				75C7CC872D5D0F7300B397EB /* Helpers */,
				75C7CC762D563BA900B397EB /* OAuth2Service */,
				75C7CC712D55EF4D00B397EB /* ProfileViewController */,
				75C7CC6C2D4D004900B397EB /* Auth */,
				75D0078D2D1584B100E84EB9 /* AppDelegate.swift */,
				75D0078F2D1584B100E84EB9 /* SceneDelegate.swift */,
				75D007C32D19EFC700E84EB9 /* ImagesList */,
				75D007932D1584B200E84EB9 /* Main.storyboard */,
				75D007C42D1F3AFB00E84EB9 /* Assets.xcassets */,
				75D007982D1584B200E84EB9 /* LaunchScreen.storyboard */,
				75D0079B2D1584B200E84EB9 /* Info.plist */,
			);
			path = ImageFeed;
			sourceTree = "<group>";
		};
		75D007C32D19EFC700E84EB9 /* ImagesList */ = {
			isa = PBXGroup;
			children = (
				75D007912D1584B100E84EB9 /* ImageListViewController.swift */,
				75D007C12D19EFBD00E84EB9 /* ImagesListCell.swift */,
			);
			path = ImagesList;
			sourceTree = "<group>";
		};
		75DDCB642D6CC38000AFCDBF /* ProfileService */ = {
			isa = PBXGroup;
			children = (
				75DDCB692D6CC5BD00AFCDBF /* ProfileModel.swift */,
				75DDCB672D6CC55A00AFCDBF /* ProfileResult.swift */,
				75DDCB652D6CC3A000AFCDBF /* ProfileService.swift */,
			);
			path = ProfileService;
			sourceTree = "<group>";
		};
		75DDCB6B2D72EE9A00AFCDBF /* ProfileImageService */ = {
			isa = PBXGroup;
			children = (
				75DDCB6E2D72EF6200AFCDBF /* ProfileImageResult.swift */,
				75DDCB6C2D72EEB000AFCDBF /* ProfileImageService.swift */,
			);
			path = ProfileImageService;
			sourceTree = "<group>";
		};
/* End PBXGroup section */

/* Begin PBXNativeTarget section */
		75D007892D1584B100E84EB9 /* ImageFeed */ = {
			isa = PBXNativeTarget;
			buildConfigurationList = 75D0079E2D1584B200E84EB9 /* Build configuration list for PBXNativeTarget "ImageFeed" */;
			buildPhases = (
				75D007862D1584B100E84EB9 /* Sources */,
				75D007872D1584B100E84EB9 /* Frameworks */,
				75D007882D1584B100E84EB9 /* Resources */,
			);
			buildRules = (
			);
			dependencies = (
			);
			name = ImageFeed;
			productName = ImageFeed;
			productReference = 75D0078A2D1584B100E84EB9 /* ImageFeed.app */;
			productType = "com.apple.product-type.application";
		};
/* End PBXNativeTarget section */

/* Begin PBXProject section */
		75D007822D1584B100E84EB9 /* Project object */ = {
			isa = PBXProject;
			attributes = {
				BuildIndependentTargetsInParallel = 1;
				LastSwiftUpdateCheck = 1520;
				LastUpgradeCheck = 1520;
				TargetAttributes = {
					75D007892D1584B100E84EB9 = {
						CreatedOnToolsVersion = 15.2;
					};
				};
			};
			buildConfigurationList = 75D007852D1584B100E84EB9 /* Build configuration list for PBXProject "ImageFeed" */;
			compatibilityVersion = "Xcode 14.0";
			developmentRegion = en;
			hasScannedForEncodings = 0;
			knownRegions = (
				en,
				Base,
			);
			mainGroup = 75D007812D1584B100E84EB9;
			packageReferences = (
				751E781B2D64B07000B07B86 /* XCRemoteSwiftPackageReference "ProgressHUD" */,
				75DDCB702D79BB7900AFCDBF /* XCRemoteSwiftPackageReference "Kingfisher" */,
				75DDCB732D79E11C00AFCDBF /* XCRemoteSwiftPackageReference "SwiftKeychainWrapper" */,
			);
			productRefGroup = 75D0078B2D1584B100E84EB9 /* Products */;
			projectDirPath = "";
			projectRoot = "";
			targets = (
				75D007892D1584B100E84EB9 /* ImageFeed */,
			);
		};
/* End PBXProject section */

/* Begin PBXResourcesBuildPhase section */
		75D007882D1584B100E84EB9 /* Resources */ = {
			isa = PBXResourcesBuildPhase;
			buildActionMask = 2147483647;
			files = (
				75D0079A2D1584B200E84EB9 /* LaunchScreen.storyboard in Resources */,
				75D007C52D1F3AFB00E84EB9 /* Assets.xcassets in Resources */,
				75D007952D1584B200E84EB9 /* Main.storyboard in Resources */,
			);
			runOnlyForDeploymentPostprocessing = 0;
		};
/* End PBXResourcesBuildPhase section */

/* Begin PBXSourcesBuildPhase section */
		75D007862D1584B100E84EB9 /* Sources */ = {
			isa = PBXSourcesBuildPhase;
			buildActionMask = 2147483647;
			files = (
				75D007922D1584B100E84EB9 /* ImageListViewController.swift in Sources */,
				75D007C22D19EFBD00E84EB9 /* ImagesListCell.swift in Sources */,
				75DDCB662D6CC3A700AFCDBF /* ProfileService.swift in Sources */,
				75C7CC7A2D5778E600B397EB /* OAuthTokenResponseBody.swift in Sources */,
				751AD7E22D365BFE008713BA /* SignleImageViewController.swift in Sources */,
				75C7CC822D5A97AE00B397EB /* URLsession+Data.swift in Sources */,
				75BBE0D02D80365200D311B9 /* PhotoResult.swift in Sources */,
				75C7CC842D5B916A00B397EB /* SplashViewController.swift in Sources */,
				75D007C72D2321B500E84EB9 /* ProfileViewController.swift in Sources */,
				75DDCB682D6CC56800AFCDBF /* ProfileResult.swift in Sources */,
				75DDCB6A2D6CC5C900AFCDBF /* ProfileModel.swift in Sources */,
				75C7CC692D4301A400B397EB /* Constants.swift in Sources */,
				75DDCB6D2D72EEBB00AFCDBF /* ProfileImageService.swift in Sources */,
				75DDCB192D6C7C0700AFCDBF /* UIBlockingProgressHUD.swift in Sources */,
				75D0078E2D1584B100E84EB9 /* AppDelegate.swift in Sources */,
				75C7CC6E2D4D005E00B397EB /* WebViewViewController.swift in Sources */,
				75C7CC702D4D0BEB00B397EB /* AuthViewController.swift in Sources */,
				75BBE0CE2D80359700D311B9 /* Photos.swift in Sources */,
				75BBE0D22D80402C00D311B9 /* ImagesListService.swift in Sources */,
				75C7CC7E2D5786CB00B397EB /* OAuth2Service.swift in Sources */,
				75C7CC7C2D5779CB00B397EB /* OAuth2TokenStorage.swift in Sources */,
				75DDCB772D7C34E100AFCDBF /* TabBarController.swift in Sources */,
				75DDCB6F2D72EF6F00AFCDBF /* ProfileImageResult.swift in Sources */,
				75D007902D1584B100E84EB9 /* SceneDelegate.swift in Sources */,
			);
			runOnlyForDeploymentPostprocessing = 0;
		};
/* End PBXSourcesBuildPhase section */

/* Begin PBXVariantGroup section */
		75D007932D1584B200E84EB9 /* Main.storyboard */ = {
			isa = PBXVariantGroup;
			children = (
				75D007942D1584B200E84EB9 /* Base */,
			);
			name = Main.storyboard;
			sourceTree = "<group>";
		};
		75D007982D1584B200E84EB9 /* LaunchScreen.storyboard */ = {
			isa = PBXVariantGroup;
			children = (
				75D007992D1584B200E84EB9 /* Base */,
			);
			name = LaunchScreen.storyboard;
			sourceTree = "<group>";
		};
/* End PBXVariantGroup section */

/* Begin XCBuildConfiguration section */
		75D0079C2D1584B200E84EB9 /* Debug */ = {
			isa = XCBuildConfiguration;
			buildSettings = {
				ALWAYS_SEARCH_USER_PATHS = NO;
				ASSETCATALOG_COMPILER_GENERATE_SWIFT_ASSET_SYMBOL_EXTENSIONS = YES;
				CLANG_ANALYZER_NONNULL = YES;
				CLANG_ANALYZER_NUMBER_OBJECT_CONVERSION = YES_AGGRESSIVE;
				CLANG_CXX_LANGUAGE_STANDARD = "gnu++20";
				CLANG_ENABLE_MODULES = YES;
				CLANG_ENABLE_OBJC_ARC = YES;
				CLANG_ENABLE_OBJC_WEAK = YES;
				CLANG_WARN_BLOCK_CAPTURE_AUTORELEASING = YES;
				CLANG_WARN_BOOL_CONVERSION = YES;
				CLANG_WARN_COMMA = YES;
				CLANG_WARN_CONSTANT_CONVERSION = YES;
				CLANG_WARN_DEPRECATED_OBJC_IMPLEMENTATIONS = YES;
				CLANG_WARN_DIRECT_OBJC_ISA_USAGE = YES_ERROR;
				CLANG_WARN_DOCUMENTATION_COMMENTS = YES;
				CLANG_WARN_EMPTY_BODY = YES;
				CLANG_WARN_ENUM_CONVERSION = YES;
				CLANG_WARN_INFINITE_RECURSION = YES;
				CLANG_WARN_INT_CONVERSION = YES;
				CLANG_WARN_NON_LITERAL_NULL_CONVERSION = YES;
				CLANG_WARN_OBJC_IMPLICIT_RETAIN_SELF = YES;
				CLANG_WARN_OBJC_LITERAL_CONVERSION = YES;
				CLANG_WARN_OBJC_ROOT_CLASS = YES_ERROR;
				CLANG_WARN_QUOTED_INCLUDE_IN_FRAMEWORK_HEADER = YES;
				CLANG_WARN_RANGE_LOOP_ANALYSIS = YES;
				CLANG_WARN_STRICT_PROTOTYPES = YES;
				CLANG_WARN_SUSPICIOUS_MOVE = YES;
				CLANG_WARN_UNGUARDED_AVAILABILITY = YES_AGGRESSIVE;
				CLANG_WARN_UNREACHABLE_CODE = YES;
				CLANG_WARN__DUPLICATE_METHOD_MATCH = YES;
				COPY_PHASE_STRIP = NO;
				DEBUG_INFORMATION_FORMAT = dwarf;
				ENABLE_STRICT_OBJC_MSGSEND = YES;
				ENABLE_TESTABILITY = YES;
				ENABLE_USER_SCRIPT_SANDBOXING = YES;
				GCC_C_LANGUAGE_STANDARD = gnu17;
				GCC_DYNAMIC_NO_PIC = NO;
				GCC_NO_COMMON_BLOCKS = YES;
				GCC_OPTIMIZATION_LEVEL = 0;
				GCC_PREPROCESSOR_DEFINITIONS = (
					"DEBUG=1",
					"$(inherited)",
				);
				GCC_WARN_64_TO_32_BIT_CONVERSION = YES;
				GCC_WARN_ABOUT_RETURN_TYPE = YES_ERROR;
				GCC_WARN_UNDECLARED_SELECTOR = YES;
				GCC_WARN_UNINITIALIZED_AUTOS = YES_AGGRESSIVE;
				GCC_WARN_UNUSED_FUNCTION = YES;
				GCC_WARN_UNUSED_VARIABLE = YES;
				IPHONEOS_DEPLOYMENT_TARGET = 13.0;
				LOCALIZATION_PREFERS_STRING_CATALOGS = YES;
				MTL_ENABLE_DEBUG_INFO = INCLUDE_SOURCE;
				MTL_FAST_MATH = YES;
				ONLY_ACTIVE_ARCH = YES;
				SDKROOT = iphoneos;
				SWIFT_ACTIVE_COMPILATION_CONDITIONS = "DEBUG $(inherited)";
				SWIFT_OPTIMIZATION_LEVEL = "-Onone";
			};
			name = Debug;
		};
		75D0079D2D1584B200E84EB9 /* Release */ = {
			isa = XCBuildConfiguration;
			buildSettings = {
				ALWAYS_SEARCH_USER_PATHS = NO;
				ASSETCATALOG_COMPILER_GENERATE_SWIFT_ASSET_SYMBOL_EXTENSIONS = YES;
				CLANG_ANALYZER_NONNULL = YES;
				CLANG_ANALYZER_NUMBER_OBJECT_CONVERSION = YES_AGGRESSIVE;
				CLANG_CXX_LANGUAGE_STANDARD = "gnu++20";
				CLANG_ENABLE_MODULES = YES;
				CLANG_ENABLE_OBJC_ARC = YES;
				CLANG_ENABLE_OBJC_WEAK = YES;
				CLANG_WARN_BLOCK_CAPTURE_AUTORELEASING = YES;
				CLANG_WARN_BOOL_CONVERSION = YES;
				CLANG_WARN_COMMA = YES;
				CLANG_WARN_CONSTANT_CONVERSION = YES;
				CLANG_WARN_DEPRECATED_OBJC_IMPLEMENTATIONS = YES;
				CLANG_WARN_DIRECT_OBJC_ISA_USAGE = YES_ERROR;
				CLANG_WARN_DOCUMENTATION_COMMENTS = YES;
				CLANG_WARN_EMPTY_BODY = YES;
				CLANG_WARN_ENUM_CONVERSION = YES;
				CLANG_WARN_INFINITE_RECURSION = YES;
				CLANG_WARN_INT_CONVERSION = YES;
				CLANG_WARN_NON_LITERAL_NULL_CONVERSION = YES;
				CLANG_WARN_OBJC_IMPLICIT_RETAIN_SELF = YES;
				CLANG_WARN_OBJC_LITERAL_CONVERSION = YES;
				CLANG_WARN_OBJC_ROOT_CLASS = YES_ERROR;
				CLANG_WARN_QUOTED_INCLUDE_IN_FRAMEWORK_HEADER = YES;
				CLANG_WARN_RANGE_LOOP_ANALYSIS = YES;
				CLANG_WARN_STRICT_PROTOTYPES = YES;
				CLANG_WARN_SUSPICIOUS_MOVE = YES;
				CLANG_WARN_UNGUARDED_AVAILABILITY = YES_AGGRESSIVE;
				CLANG_WARN_UNREACHABLE_CODE = YES;
				CLANG_WARN__DUPLICATE_METHOD_MATCH = YES;
				COPY_PHASE_STRIP = NO;
				DEBUG_INFORMATION_FORMAT = "dwarf-with-dsym";
				ENABLE_NS_ASSERTIONS = NO;
				ENABLE_STRICT_OBJC_MSGSEND = YES;
				ENABLE_USER_SCRIPT_SANDBOXING = YES;
				GCC_C_LANGUAGE_STANDARD = gnu17;
				GCC_NO_COMMON_BLOCKS = YES;
				GCC_WARN_64_TO_32_BIT_CONVERSION = YES;
				GCC_WARN_ABOUT_RETURN_TYPE = YES_ERROR;
				GCC_WARN_UNDECLARED_SELECTOR = YES;
				GCC_WARN_UNINITIALIZED_AUTOS = YES_AGGRESSIVE;
				GCC_WARN_UNUSED_FUNCTION = YES;
				GCC_WARN_UNUSED_VARIABLE = YES;
				IPHONEOS_DEPLOYMENT_TARGET = 13.0;
				LOCALIZATION_PREFERS_STRING_CATALOGS = YES;
				MTL_ENABLE_DEBUG_INFO = NO;
				MTL_FAST_MATH = YES;
				SDKROOT = iphoneos;
				SWIFT_COMPILATION_MODE = wholemodule;
				VALIDATE_PRODUCT = YES;
			};
			name = Release;
		};
		75D0079F2D1584B200E84EB9 /* Debug */ = {
			isa = XCBuildConfiguration;
			buildSettings = {
				ASSETCATALOG_COMPILER_APPICON_NAME = AppIcon;
				ASSETCATALOG_COMPILER_GLOBAL_ACCENT_COLOR_NAME = AccentColor;
				CODE_SIGN_STYLE = Automatic;
				CURRENT_PROJECT_VERSION = 1;
				DEVELOPMENT_TEAM = 69AZS4CVWT;
				GENERATE_INFOPLIST_FILE = YES;
				INFOPLIST_FILE = ImageFeed/Info.plist;
				INFOPLIST_KEY_UIApplicationSupportsIndirectInputEvents = YES;
				INFOPLIST_KEY_UILaunchStoryboardName = LaunchScreen;
				INFOPLIST_KEY_UIMainStoryboardFile = Main;
				INFOPLIST_KEY_UISupportedInterfaceOrientations = UIInterfaceOrientationPortrait;
				INFOPLIST_KEY_UISupportedInterfaceOrientations_iPad = "UIInterfaceOrientationLandscapeLeft UIInterfaceOrientationLandscapeRight";
				IPHONEOS_DEPLOYMENT_TARGET = 13.0;
				LD_RUNPATH_SEARCH_PATHS = (
					"$(inherited)",
					"@executable_path/Frameworks",
				);
				MARKETING_VERSION = 1.0;
				PRODUCT_BUNDLE_IDENTIFIER = ru.yandex.ptacticum.ImageFeed;
				PRODUCT_NAME = "$(TARGET_NAME)";
				SUPPORTED_PLATFORMS = "iphoneos iphonesimulator";
				SUPPORTS_MACCATALYST = NO;
				SWIFT_EMIT_LOC_STRINGS = YES;
				SWIFT_VERSION = 5.0;
				TARGETED_DEVICE_FAMILY = 1;
			};
			name = Debug;
		};
		75D007A02D1584B200E84EB9 /* Release */ = {
			isa = XCBuildConfiguration;
			buildSettings = {
				ASSETCATALOG_COMPILER_APPICON_NAME = AppIcon;
				ASSETCATALOG_COMPILER_GLOBAL_ACCENT_COLOR_NAME = AccentColor;
				CODE_SIGN_STYLE = Automatic;
				CURRENT_PROJECT_VERSION = 1;
				DEVELOPMENT_TEAM = 69AZS4CVWT;
				GENERATE_INFOPLIST_FILE = YES;
				INFOPLIST_FILE = ImageFeed/Info.plist;
				INFOPLIST_KEY_UIApplicationSupportsIndirectInputEvents = YES;
				INFOPLIST_KEY_UILaunchStoryboardName = LaunchScreen;
				INFOPLIST_KEY_UIMainStoryboardFile = Main;
				INFOPLIST_KEY_UISupportedInterfaceOrientations = UIInterfaceOrientationPortrait;
				INFOPLIST_KEY_UISupportedInterfaceOrientations_iPad = "UIInterfaceOrientationLandscapeLeft UIInterfaceOrientationLandscapeRight";
				IPHONEOS_DEPLOYMENT_TARGET = 13.0;
				LD_RUNPATH_SEARCH_PATHS = (
					"$(inherited)",
					"@executable_path/Frameworks",
				);
				MARKETING_VERSION = 1.0;
				PRODUCT_BUNDLE_IDENTIFIER = ru.yandex.ptacticum.ImageFeed;
				PRODUCT_NAME = "$(TARGET_NAME)";
				SUPPORTED_PLATFORMS = "iphoneos iphonesimulator";
				SUPPORTS_MACCATALYST = NO;
				SWIFT_EMIT_LOC_STRINGS = YES;
				SWIFT_VERSION = 5.0;
				TARGETED_DEVICE_FAMILY = 1;
			};
			name = Release;
		};
/* End XCBuildConfiguration section */

/* Begin XCConfigurationList section */
		75D007852D1584B100E84EB9 /* Build configuration list for PBXProject "ImageFeed" */ = {
			isa = XCConfigurationList;
			buildConfigurations = (
				75D0079C2D1584B200E84EB9 /* Debug */,
				75D0079D2D1584B200E84EB9 /* Release */,
			);
			defaultConfigurationIsVisible = 0;
			defaultConfigurationName = Release;
		};
		75D0079E2D1584B200E84EB9 /* Build configuration list for PBXNativeTarget "ImageFeed" */ = {
			isa = XCConfigurationList;
			buildConfigurations = (
				75D0079F2D1584B200E84EB9 /* Debug */,
				75D007A02D1584B200E84EB9 /* Release */,
			);
			defaultConfigurationIsVisible = 0;
			defaultConfigurationName = Release;
		};
/* End XCConfigurationList section */

/* Begin XCRemoteSwiftPackageReference section */
		751E781B2D64B07000B07B86 /* XCRemoteSwiftPackageReference "ProgressHUD" */ = {
			isa = XCRemoteSwiftPackageReference;
			repositoryURL = "https://github.com/relatedcode/ProgressHUD";
			requirement = {
				kind = exactVersion;
				version = 14.1.3;
			};
		};
		75DDCB702D79BB7900AFCDBF /* XCRemoteSwiftPackageReference "Kingfisher" */ = {
			isa = XCRemoteSwiftPackageReference;
			repositoryURL = "https://github.com/onevcat/Kingfisher";
			requirement = {
				kind = exactVersion;
				version = 8.3.0;
			};
		};
		75DDCB732D79E11C00AFCDBF /* XCRemoteSwiftPackageReference "SwiftKeychainWrapper" */ = {
			isa = XCRemoteSwiftPackageReference;
			repositoryURL = "https://github.com/jrendel/SwiftKeychainWrapper";
			requirement = {
				kind = exactVersion;
				version = 4.0.1;
			};
		};
/* End XCRemoteSwiftPackageReference section */

/* Begin XCSwiftPackageProductDependency section */
		751E781C2D64B07000B07B86 /* ProgressHUD */ = {
			isa = XCSwiftPackageProductDependency;
			package = 751E781B2D64B07000B07B86 /* XCRemoteSwiftPackageReference "ProgressHUD" */;
			productName = ProgressHUD;
		};
		75DDCB712D79BB7900AFCDBF /* Kingfisher */ = {
			isa = XCSwiftPackageProductDependency;
			package = 75DDCB702D79BB7900AFCDBF /* XCRemoteSwiftPackageReference "Kingfisher" */;
			productName = Kingfisher;
		};
		75DDCB742D79E11C00AFCDBF /* SwiftKeychainWrapper */ = {
			isa = XCSwiftPackageProductDependency;
			package = 75DDCB732D79E11C00AFCDBF /* XCRemoteSwiftPackageReference "SwiftKeychainWrapper" */;
			productName = SwiftKeychainWrapper;
		};
/* End XCSwiftPackageProductDependency section */
	};
	rootObject = 75D007822D1584B100E84EB9 /* Project object */;
}
